
Microsoft Visual Studio Solution File, Format Version 12.00
# Visual Studio Version 16
VisualStudioVersion = 16.0.31025.218
MinimumVisualStudioVersion = 10.0.40219.1
Project("{9A19103F-16F7-4668-BE54-9A1E7A4F7556}") = "devsko.LayoutAnalyzer", "devsko.LayoutAnalyzer\devsko.LayoutAnalyzer.csproj", "{00018266-80DD-4F0B-908E-B44670293BA8}"
EndProject
Project("{9A19103F-16F7-4668-BE54-9A1E7A4F7556}") = "devsko.LayoutAnalyzer.Host", "devsko.LayoutAnalyzer.Host\devsko.LayoutAnalyzer.Host.csproj", "{F8DBF7CA-24D1-4F65-9933-09AD941FCCD4}"
EndProject
Project("{2150E333-8FDC-42A3-9474-1A3956D46DE8}") = "Solution Items", "Solution Items", "{0FFB11C1-F33D-4E03-A397-597E3D0C66A9}"
	ProjectSection(SolutionItems) = preProject
		.editorconfig = .editorconfig
		CodeAnalysis.ruleset = CodeAnalysis.ruleset
		Directory.Build.props = Directory.Build.props
		Directory.Build.targets = Directory.Build.targets
	EndProjectSection
EndProject
Project("{9A19103F-16F7-4668-BE54-9A1E7A4F7556}") = "devsko.LayoutAnalyzer.Test", "devsko.LayoutAnalyzer.Test\devsko.LayoutAnalyzer.Test.csproj", "{48911E21-E865-4830-BE58-40062C06893C}"
EndProject
Project("{2150E333-8FDC-42A3-9474-1A3956D46DE8}") = "Downlevel", "Downlevel", "{8C113324-A5A1-4AA5-A0BF-2EA9AC3B3B8C}"
	ProjectSection(SolutionItems) = preProject
		Downlevel\Index.net4.cs = Downlevel\Index.net4.cs
		Downlevel\IsExternalInit.net4.cs = Downlevel\IsExternalInit.net4.cs
		Downlevel\IsExternalInit.netcore.cs = Downlevel\IsExternalInit.netcore.cs
		Downlevel\NullableAttributes.net4.cs = Downlevel\NullableAttributes.net4.cs
		Downlevel\NullableAttributes.netcore.cs = Downlevel\NullableAttributes.netcore.cs
		Downlevel\Range.net4.cs = Downlevel\Range.net4.cs
	EndProjectSection
EndProject
Project("{9A19103F-16F7-4668-BE54-9A1E7A4F7556}") = "devsko.LayoutAnalyzer.TestProject", "devsko.LayoutAnalyzer.TestProject\devsko.LayoutAnalyzer.TestProject.csproj", "{B051DB04-63DF-485B-9DE2-4C94C611D0AF}"
EndProject
Project("{9A19103F-16F7-4668-BE54-9A1E7A4F7556}") = "devsko.LayoutAnalyzer.Host.net4", "devsko.LayoutAnalyzer.Host.net4\devsko.LayoutAnalyzer.Host.net4.csproj", "{010BDA7B-663E-42C8-86ED-280E6EFBC736}"
EndProject
Project("{FAE04EC0-301F-11D3-BF4B-00C04F79EFBC}") = "devsko.LayoutAnalyzer.Vsix", "devsko.LayoutAnalyzer.Vsix\devsko.LayoutAnalyzer.Vsix.csproj", "{899E2A85-2C41-441D-8624-E4B1C8F97BBC}"
EndProject
Global
	GlobalSection(SolutionConfigurationPlatforms) = preSolution
		Debug|Any CPU = Debug|Any CPU
		Release|Any CPU = Release|Any CPU
	EndGlobalSection
	GlobalSection(ProjectConfigurationPlatforms) = postSolution
		{00018266-80DD-4F0B-908E-B44670293BA8}.Debug|Any CPU.ActiveCfg = Debug|Any CPU
		{00018266-80DD-4F0B-908E-B44670293BA8}.Debug|Any CPU.Build.0 = Debug|Any CPU
		{00018266-80DD-4F0B-908E-B44670293BA8}.Release|Any CPU.ActiveCfg = Release|Any CPU
		{00018266-80DD-4F0B-908E-B44670293BA8}.Release|Any CPU.Build.0 = Release|Any CPU
		{F8DBF7CA-24D1-4F65-9933-09AD941FCCD4}.Debug|Any CPU.ActiveCfg = Debug|Any CPU
		{F8DBF7CA-24D1-4F65-9933-09AD941FCCD4}.Release|Any CPU.ActiveCfg = Release|Any CPU
		{48911E21-E865-4830-BE58-40062C06893C}.Debug|Any CPU.ActiveCfg = Debug|Any CPU
		{48911E21-E865-4830-BE58-40062C06893C}.Debug|Any CPU.Build.0 = Debug|Any CPU
		{48911E21-E865-4830-BE58-40062C06893C}.Release|Any CPU.ActiveCfg = Release|Any CPU
		{48911E21-E865-4830-BE58-40062C06893C}.Release|Any CPU.Build.0 = Release|Any CPU
		{B051DB04-63DF-485B-9DE2-4C94C611D0AF}.Debug|Any CPU.ActiveCfg = Debug|Any CPU
		{B051DB04-63DF-485B-9DE2-4C94C611D0AF}.Debug|Any CPU.Build.0 = Debug|Any CPU
		{B051DB04-63DF-485B-9DE2-4C94C611D0AF}.Release|Any CPU.ActiveCfg = Release|Any CPU
		{B051DB04-63DF-485B-9DE2-4C94C611D0AF}.Release|Any CPU.Build.0 = Release|Any CPU
		{010BDA7B-663E-42C8-86ED-280E6EFBC736}.Debug|Any CPU.ActiveCfg = Debug|Any CPU
		{010BDA7B-663E-42C8-86ED-280E6EFBC736}.Debug|Any CPU.Build.0 = Debug|Any CPU
		{010BDA7B-663E-42C8-86ED-280E6EFBC736}.Release|Any CPU.ActiveCfg = Release|Any CPU
		{010BDA7B-663E-42C8-86ED-280E6EFBC736}.Release|Any CPU.Build.0 = Release|Any CPU
		{899E2A85-2C41-441D-8624-E4B1C8F97BBC}.Debug|Any CPU.ActiveCfg = Debug|Any CPU
		{899E2A85-2C41-441D-8624-E4B1C8F97BBC}.Debug|Any CPU.Build.0 = Debug|Any CPU
		{899E2A85-2C41-441D-8624-E4B1C8F97BBC}.Release|Any CPU.ActiveCfg = Release|Any CPU
		{899E2A85-2C41-441D-8624-E4B1C8F97BBC}.Release|Any CPU.Build.0 = Release|Any CPU
	EndGlobalSection
	GlobalSection(SolutionProperties) = preSolution
		HideSolutionNode = FALSE
	EndGlobalSection
	GlobalSection(NestedProjects) = preSolution
		{8C113324-A5A1-4AA5-A0BF-2EA9AC3B3B8C} = {0FFB11C1-F33D-4E03-A397-597E3D0C66A9}
	EndGlobalSection
	GlobalSection(ExtensibilityGlobals) = postSolution
		SolutionGuid = {BAE203A3-97B5-416F-955A-54B24B4A32EC}
	EndGlobalSection
EndGlobal
